{
  "lockfile-version": 1,
  "manifest": {
    "schema-version": "1.10.0",
    "install": {
      "cctools": {
        "pkg-path": "cctools",
        "priority": 6,
        "systems": [
          "x86_64-darwin",
          "aarch64-darwin"
        ]
      },
      "claude-code": {
        "pkg-path": "flox/claude-code"
      },
      "gcc": {
        "pkg-path": "gcc"
      },
      "gperf": {
        "pkg-path": "gperf",
        "systems": [
          "x86_64-linux",
          "aarch64-linux"
        ]
      },
      "meson": {
        "pkg-path": "meson"
      },
      "ninja": {
        "pkg-path": "ninja"
      }
    },
    "options": {},
    "build": {
      "systemd-portable": {
        "command": "  oslc=\"$(uname | tr '[A-Z]' '[a-z]')\"\n  meson setup build-$oslc --prefix=$out -Dconfigfiledir=$out/etc -Ddocdir=$out -Dportable-manager=true\n\n  # Build + install\n  ninja -C build-$oslc install\n\n  # Exclude meson-private/ from build cache: it embeds absolute paths (scratch_dir\n  # in coredata.dat) that become stale across Nix sandbox runs.\n  rm -rf \"build-$oslc/meson-private\"\n",
        "sandbox": "pure",
        "version": "v260-rc2-81",
        "description": "Portable adaptation of systemd for orchestrating services in user space"
      }
    }
  },
  "packages": [
    {
      "attr_path": "cctools",
      "broken": false,
      "derivation": "/nix/store/1dc718hy9zqxdwys5syahr4lffyv4mcn-cctools-1010.6.drv",
      "description": "Classic linker for Darwin",
      "install_id": "cctools",
      "license": "[ APSL-2.0, GPL-2.0 ]",
      "locked_url": "https://github.com/flox/nixpkgs?rev=4c1018dae018162ec878d42fec712642d214fdfa",
      "name": "cctools-1010.6",
      "pname": "cctools",
      "rev": "4c1018dae018162ec878d42fec712642d214fdfa",
      "rev_count": 977467,
      "rev_date": "2026-04-09T04:48:10Z",
      "scrape_date": "2026-04-11T06:03:33.209836Z",
      "stabilities": [
        "unstable"
      ],
      "unfree": false,
      "version": "1010.6",
      "outputs_to_install": [
        "man",
        "out",
        "out",
        "out"
      ],
      "outputs": {
        "dev": "/nix/store/lg74bg6ap03aza3rrk7r866v5vkcay1m-cctools-1010.6-dev",
        "gas": "/nix/store/fqzldphl5lfhhwcixag2zrks21f43kia-cctools-1010.6-gas",
        "libtool": "/nix/store/lawy0qykzxczbxwg68xbarl0na643l3q-cctools-1010.6-libtool",
        "man": "/nix/store/cyp451hjzhljkywpdm65r4h0yglxzdla-cctools-1010.6-man",
        "out": "/nix/store/dxk52da28ap6qmmqyppa454iz8wqqpv2-cctools-1010.6"
      },
      "system": "aarch64-darwin",
      "group": "toplevel",
      "priority": 6
    },
    {
      "attr_path": "cctools",
      "broken": false,
      "derivation": "/nix/store/hqa1m7ikcs7rxsnn68a6pvznw6wwzs9z-cctools-1010.6.drv",
      "description": "Classic linker for Darwin",
      "install_id": "cctools",
      "license": "[ APSL-2.0, GPL-2.0 ]",
      "locked_url": "https://github.com/flox/nixpkgs?rev=4c1018dae018162ec878d42fec712642d214fdfa",
      "name": "cctools-1010.6",
      "pname": "cctools",
      "rev": "4c1018dae018162ec878d42fec712642d214fdfa",
      "rev_count": 977467,
      "rev_date": "2026-04-09T04:48:10Z",
      "scrape_date": "2026-04-11T07:05:08.257999Z",
      "stabilities": [
        "unstable"
      ],
      "unfree": false,
      "version": "1010.6",
      "outputs_to_install": [
        "man",
        "out",
        "out"
      ],
      "outputs": {
        "dev": "/nix/store/96cliv6sm49c3kpb5m3ramyw6sdc03h6-cctools-1010.6-dev",
        "gas": "/nix/store/mwjxy8ij1ivclpvwr9f2rim5h7j2szxg-cctools-1010.6-gas",
        "libtool": "/nix/store/6m0dmll6756qalmf3brc0k61x82ml61h-cctools-1010.6-libtool",
        "man": "/nix/store/9c6cl4qsqgzkdqmz9mqkph70s7dnd517-cctools-1010.6-man",
        "out": "/nix/store/9i64a54xwi8xkml0r4dqgm0f8362w58h-cctools-1010.6"
      },
      "system": "x86_64-darwin",
      "group": "toplevel",
      "priority": 6
    },
    {
      "attr_path": "claude-code",
      "broken": false,
      "derivation": "/nix/store/6pbshqnkrzpg3xj23jkprwsih88s9s5i-claude-code-2.1.118.drv",
      "description": "Agentic coding tool from Anthropic",
      "install_id": "claude-code",
      "license": "Unfree",
      "locked_url": "https://github.com/flox/floxenvs?rev=68bbb95e3946234785720a1a21138a66eaa8823c",
      "name": "claude-code-2.1.118",
      "pname": "claude-code",
      "rev": "68bbb95e3946234785720a1a21138a66eaa8823c",
      "rev_count": 2853,
      "rev_date": "2026-04-23T08:12:25Z",
      "scrape_date": "2026-04-27T15:39:48.329482920Z",
      "stabilities": [
        "unstable"
      ],
      "unfree": true,
      "version": "2.1.118",
      "outputs_to_install": [
        "out"
      ],
      "outputs": {
        "out": "/nix/store/jr1wi667yjn32071wph00i2ky62c2smw-claude-code-2.1.118"
      },
      "system": "aarch64-darwin",
      "group": "toplevel",
      "priority": 5
    },
    {
      "attr_path": "claude-code",
      "broken": false,
      "derivation": "/nix/store/8hwa0fvymv4bf64408z60gxgwz45iqhi-claude-code-2.1.118.drv",
      "description": "Agentic coding tool from Anthropic",
      "install_id": "claude-code",
      "license": "Unfree",
      "locked_url": "https://github.com/flox/floxenvs?rev=68bbb95e3946234785720a1a21138a66eaa8823c",
      "name": "claude-code-2.1.118",
      "pname": "claude-code",
      "rev": "68bbb95e3946234785720a1a21138a66eaa8823c",
      "rev_count": 2853,
      "rev_date": "2026-04-23T08:12:25Z",
      "scrape_date": "2026-04-27T15:39:48.329484045Z",
      "stabilities": [
        "unstable"
      ],
      "unfree": true,
      "version": "2.1.118",
      "outputs_to_install": [
        "out"
      ],
      "outputs": {
        "out": "/nix/store/9aqm32n4gm0h05p40vf6bpsj5bycmis0-claude-code-2.1.118"
      },
      "system": "aarch64-linux",
      "group": "toplevel",
      "priority": 5
    },
    {
      "attr_path": "claude-code",
      "broken": false,
      "derivation": "/nix/store/qy3x66jgq6clmbq26kbr2s5sbgksk4g8-claude-code-2.1.118.drv",
      "description": "Agentic coding tool from Anthropic",
      "install_id": "claude-code",
      "license": "Unfree",
      "locked_url": "https://github.com/flox/floxenvs?rev=68bbb95e3946234785720a1a21138a66eaa8823c",
      "name": "claude-code-2.1.118",
      "pname": "claude-code",
      "rev": "68bbb95e3946234785720a1a21138a66eaa8823c",
      "rev_count": 2853,
      "rev_date": "2026-04-23T08:12:25Z",
      "scrape_date": "2026-04-27T15:39:48.329484754Z",
      "stabilities": [
        "unstable"
      ],
      "unfree": true,
      "version": "2.1.118",
      "outputs_to_install": [
        "out"
      ],
      "outputs": {
        "out": "/nix/store/3f00lyb2glasbwrm4sx85iyv3k0zgpna-claude-code-2.1.118"
      },
      "system": "x86_64-darwin",
      "group": "toplevel",
      "priority": 5
    },
    {
      "attr_path": "claude-code",
      "broken": false,
      "derivation": "/nix/store/vnhlw5kwn923q3vwww1wzpwl3n233ysm-claude-code-2.1.118.drv",
      "description": "Agentic coding tool from Anthropic",
      "install_id": "claude-code",
      "license": "Unfree",
      "locked_url": "https://github.com/flox/floxenvs?rev=68bbb95e3946234785720a1a21138a66eaa8823c",
      "name": "claude-code-2.1.118",
      "pname": "claude-code",
      "rev": "68bbb95e3946234785720a1a21138a66eaa8823c",
      "rev_count": 2853,
      "rev_date": "2026-04-23T08:12:25Z",
      "scrape_date": "2026-04-27T15:39:48.329486629Z",
      "stabilities": [
        "unstable"
      ],
      "unfree": true,
      "version": "2.1.118",
      "outputs_to_install": [
        "out"
      ],
      "outputs": {
        "out": "/nix/store/5j6djxvjszinc3z1fmp1ah96420z90zl-claude-code-2.1.118"
      },
      "system": "x86_64-linux",
      "group": "toplevel",
      "priority": 5
    },
    {
      "attr_path": "gcc",
      "broken": false,
      "derivation": "/nix/store/ifb3nz925fcskfqd3d36r0bv75s1cg27-gcc-wrapper-15.2.0.drv",
      "description": "GNU Compiler Collection, version 15.2.0 (wrapper script)",
      "install_id": "gcc",
      "license": "GPL-3.0-or-later",
      "locked_url": "https://github.com/flox/nixpkgs?rev=4c1018dae018162ec878d42fec712642d214fdfa",
      "name": "gcc-wrapper-15.2.0",
      "pname": "gcc",
      "rev": "4c1018dae018162ec878d42fec712642d214fdfa",
      "rev_count": 977467,
      "rev_date": "2026-04-09T04:48:10Z",
      "scrape_date": "2026-04-11T06:03:34.136210Z",
      "stabilities": [
        "unstable"
      ],
      "unfree": false,
      "version": "15.2.0",
      "outputs_to_install": [
        "man",
        "out"
      ],
      "outputs": {
        "info": "/nix/store/gblx2c361wmf7fn839ppi2z2bw2wzvhz-gcc-wrapper-15.2.0-info",
        "man": "/nix/store/65ygwdw9pjlrycn1aki9wfj97fb04wir-gcc-wrapper-15.2.0-man",
        "out": "/nix/store/jskl8vz7wnwlsjmh88ia3wyw4yyfjgb5-gcc-wrapper-15.2.0"
      },
      "system": "aarch64-darwin",
      "group": "toplevel",
      "priority": 5
    },
    {
      "attr_path": "gcc",
      "broken": false,
      "derivation": "/nix/store/97y2g0zkxi71g1v6c0gi1wfgnginv2r0-gcc-wrapper-15.2.0.drv",
      "description": "GNU Compiler Collection, version 15.2.0 (wrapper script)",
      "install_id": "gcc",
      "license": "GPL-3.0-or-later",
      "locked_url": "https://github.com/flox/nixpkgs?rev=4c1018dae018162ec878d42fec712642d214fdfa",
      "name": "gcc-wrapper-15.2.0",
      "pname": "gcc",
      "rev": "4c1018dae018162ec878d42fec712642d214fdfa",
      "rev_count": 977467,
      "rev_date": "2026-04-09T04:48:10Z",
      "scrape_date": "2026-04-11T06:35:00.143992Z",
      "stabilities": [
        "unstable"
      ],
      "unfree": false,
      "version": "15.2.0",
      "outputs_to_install": [
        "man",
        "out",
        "out"
      ],
      "outputs": {
        "info": "/nix/store/zq0lwn9ai4q1jcfkrrc98cia15yp9zv2-gcc-wrapper-15.2.0-info",
        "man": "/nix/store/3sbhv99id58xjminaqr8m6dq1h6zvfcp-gcc-wrapper-15.2.0-man",
        "out": "/nix/store/waack2w5n0208w1qy7pxnwxbsq2n26vm-gcc-wrapper-15.2.0"
      },
      "system": "aarch64-linux",
      "group": "toplevel",
      "priority": 5
    },
    {
      "attr_path": "gcc",
      "broken": false,
      "derivation": "/nix/store/lb2xrqbg5m6lzn0pm3v13dn1lh4np68y-gcc-wrapper-15.2.0.drv",
      "description": "GNU Compiler Collection, version 15.2.0 (wrapper script)",
      "install_id": "gcc",
      "license": "GPL-3.0-or-later",
      "locked_url": "https://github.com/flox/nixpkgs?rev=4c1018dae018162ec878d42fec712642d214fdfa",
      "name": "gcc-wrapper-15.2.0",
      "pname": "gcc",
      "rev": "4c1018dae018162ec878d42fec712642d214fdfa",
      "rev_count": 977467,
      "rev_date": "2026-04-09T04:48:10Z",
      "scrape_date": "2026-04-11T07:05:09.206295Z",
      "stabilities": [
        "unstable"
      ],
      "unfree": false,
      "version": "15.2.0",
      "outputs_to_install": [
        "man",
        "out"
      ],
      "outputs": {
        "info": "/nix/store/36gfwxk8n31cijjswpxbji3y2lbigcbp-gcc-wrapper-15.2.0-info",
        "man": "/nix/store/f9n421lz4dbxdq8pvv5szk8dp4lvyqpl-gcc-wrapper-15.2.0-man",
        "out": "/nix/store/k1mhp0ywg1xp6mzixk1r3ccjzwixmbw0-gcc-wrapper-15.2.0"
      },
      "system": "x86_64-darwin",
      "group": "toplevel",
      "priority": 5
    },
    {
      "attr_path": "gcc",
      "broken": false,
      "derivation": "/nix/store/lsh3l4h6f89bxqgmx0jglc14cagfin9z-gcc-wrapper-15.2.0.drv",
      "description": "GNU Compiler Collection, version 15.2.0 (wrapper script)",
      "install_id": "gcc",
      "license": "GPL-3.0-or-later",
      "locked_url": "https://github.com/flox/nixpkgs?rev=4c1018dae018162ec878d42fec712642d214fdfa",
      "name": "gcc-wrapper-15.2.0",
      "pname": "gcc",
      "rev": "4c1018dae018162ec878d42fec712642d214fdfa",
      "rev_count": 977467,
      "rev_date": "2026-04-09T04:48:10Z",
      "scrape_date": "2026-04-11T07:39:14.354890Z",
      "stabilities": [
        "unstable"
      ],
      "unfree": false,
      "version": "15.2.0",
      "outputs_to_install": [
        "man",
        "out",
        "out"
      ],
      "outputs": {
        "info": "/nix/store/gzq6x9nsc2g1b4z0xlxnl3n8ahzcrgql-gcc-wrapper-15.2.0-info",
        "man": "/nix/store/n58glhbv7fnb3bqvbdh6ib7pv456cm4n-gcc-wrapper-15.2.0-man",
        "out": "/nix/store/hb2bs5fg5wkm04x565737qd5nh2hy5nk-gcc-wrapper-15.2.0"
      },
      "system": "x86_64-linux",
      "group": "toplevel",
      "priority": 5
    },
    {
      "attr_path": "gperf",
      "broken": false,
      "derivation": "/nix/store/kym98nnwg3p0amxzaywbhpww1f86s93p-gperf-3.3.drv",
      "description": "Perfect hash function generator",
      "install_id": "gperf",
      "license": "GPL-3.0-or-later",
      "locked_url": "https://github.com/flox/nixpkgs?rev=4c1018dae018162ec878d42fec712642d214fdfa",
      "name": "gperf-3.3",
      "pname": "gperf",
      "rev": "4c1018dae018162ec878d42fec712642d214fdfa",
      "rev_count": 977467,
      "rev_date": "2026-04-09T04:48:10Z",
      "scrape_date": "2026-04-11T06:35:01.142800Z",
      "stabilities": [
        "unstable"
      ],
      "unfree": false,
      "version": "3.3",
      "outputs_to_install": [
        "out"
      ],
      "outputs": {
        "out": "/nix/store/g6wdx75y1mxyymbp19a3n4q686sd841k-gperf-3.3"
      },
      "system": "aarch64-linux",
      "group": "toplevel",
      "priority": 5
    },
    {
      "attr_path": "gperf",
      "broken": false,
      "derivation": "/nix/store/winlcndgxp2x4r9bmd1mk92cai45mvyg-gperf-3.3.drv",
      "description": "Perfect hash function generator",
      "install_id": "gperf",
      "license": "GPL-3.0-or-later",
      "locked_url": "https://github.com/flox/nixpkgs?rev=4c1018dae018162ec878d42fec712642d214fdfa",
      "name": "gperf-3.3",
      "pname": "gperf",
      "rev": "4c1018dae018162ec878d42fec712642d214fdfa",
      "rev_count": 977467,
      "rev_date": "2026-04-09T04:48:10Z",
      "scrape_date": "2026-04-11T07:39:15.401869Z",
      "stabilities": [
        "unstable"
      ],
      "unfree": false,
      "version": "3.3",
      "outputs_to_install": [
        "out"
      ],
      "outputs": {
        "out": "/nix/store/925mknmy51jhqm4r0qjj2lh9b2dbha4x-gperf-3.3"
      },
      "system": "x86_64-linux",
      "group": "toplevel",
      "priority": 5
    },
    {
      "attr_path": "meson",
      "broken": false,
      "derivation": "/nix/store/s0rjr8i9dfxyp4ii22f3vaqk1wnhjydr-meson-1.10.1.drv",
      "description": "Open source, fast and friendly build system made in Python",
      "install_id": "meson",
      "license": "Apache-2.0",
      "locked_url": "https://github.com/flox/nixpkgs?rev=4c1018dae018162ec878d42fec712642d214fdfa",
      "name": "meson-1.10.1",
      "pname": "meson",
      "rev": "4c1018dae018162ec878d42fec712642d214fdfa",
      "rev_count": 977467,
      "rev_date": "2026-04-09T04:48:10Z",
      "scrape_date": "2026-04-11T06:03:55.704629Z",
      "stabilities": [
        "unstable"
      ],
      "unfree": false,
      "version": "1.10.1",
      "outputs_to_install": [
        "out"
      ],
      "outputs": {
        "dist": "/nix/store/jji76kzmzxcjkag6b51d324xmajchlpc-meson-1.10.1-dist",
        "out": "/nix/store/agjh5y8i1rvlxxrln3aq6b8hcbsmjjrd-meson-1.10.1"
      },
      "system": "aarch64-darwin",
      "group": "toplevel",
      "priority": 5
    },
    {
      "attr_path": "meson",
      "broken": false,
      "derivation": "/nix/store/svyaxprilarg62vd79vh6dmpbgyd0wsn-meson-1.10.1.drv",
      "description": "Open source, fast and friendly build system made in Python",
      "install_id": "meson",
      "license": "Apache-2.0",
      "locked_url": "https://github.com/flox/nixpkgs?rev=4c1018dae018162ec878d42fec712642d214fdfa",
      "name": "meson-1.10.1",
      "pname": "meson",
      "rev": "4c1018dae018162ec878d42fec712642d214fdfa",
      "rev_count": 977467,
      "rev_date": "2026-04-09T04:48:10Z",
      "scrape_date": "2026-04-11T06:35:33.447761Z",
      "stabilities": [
        "unstable"
      ],
      "unfree": false,
      "version": "1.10.1",
      "outputs_to_install": [
        "out"
      ],
      "outputs": {
        "dist": "/nix/store/cqw739zc6cgl1p7nj0s57jqb8qzmarzz-meson-1.10.1-dist",
        "out": "/nix/store/99yrxiiyhq8ir3467bkngmwzggw5h25q-meson-1.10.1"
      },
      "system": "aarch64-linux",
      "group": "toplevel",
      "priority": 5
    },
    {
      "attr_path": "meson",
      "broken": false,
      "derivation": "/nix/store/mb8bx5i7zs0gr9i3dx3z2qw7hpcg4ci9-meson-1.10.1.drv",
      "description": "Open source, fast and friendly build system made in Python",
      "install_id": "meson",
      "license": "Apache-2.0",
      "locked_url": "https://github.com/flox/nixpkgs?rev=4c1018dae018162ec878d42fec712642d214fdfa",
      "name": "meson-1.10.1",
      "pname": "meson",
      "rev": "4c1018dae018162ec878d42fec712642d214fdfa",
      "rev_count": 977467,
      "rev_date": "2026-04-09T04:48:10Z",
      "scrape_date": "2026-04-11T07:05:30.464340Z",
      "stabilities": [
        "unstable"
      ],
      "unfree": false,
      "version": "1.10.1",
      "outputs_to_install": [
        "out"
      ],
      "outputs": {
        "dist": "/nix/store/bn296lgddzpsxlrygb9fxdcmphsjq3ml-meson-1.10.1-dist",
        "out": "/nix/store/bxy6755xiaaf4bxdb723dhz49ny29ch0-meson-1.10.1"
      },
      "system": "x86_64-darwin",
      "group": "toplevel",
      "priority": 5
    },
    {
      "attr_path": "meson",
      "broken": false,
      "derivation": "/nix/store/c6l1adrpg5xw2c0zxv4hcsysmff63b7a-meson-1.10.1.drv",
      "description": "Open source, fast and friendly build system made in Python",
      "install_id": "meson",
      "license": "Apache-2.0",
      "locked_url": "https://github.com/flox/nixpkgs?rev=4c1018dae018162ec878d42fec712642d214fdfa",
      "name": "meson-1.10.1",
      "pname": "meson",
      "rev": "4c1018dae018162ec878d42fec712642d214fdfa",
      "rev_count": 977467,
      "rev_date": "2026-04-09T04:48:10Z",
      "scrape_date": "2026-04-11T07:39:49.086687Z",
      "stabilities": [
        "unstable"
      ],
      "unfree": false,
      "version": "1.10.1",
      "outputs_to_install": [
        "out"
      ],
      "outputs": {
        "dist": "/nix/store/a05vfqksmi73vzdg5nj8cyq956x74mdh-meson-1.10.1-dist",
        "out": "/nix/store/4gs76qly5m4zfxrpindg20p4q4w1nj1z-meson-1.10.1"
      },
      "system": "x86_64-linux",
      "group": "toplevel",
      "priority": 5
    },
    {
      "attr_path": "ninja",
      "broken": false,
      "derivation": "/nix/store/kfhji619vn47ab3g7r7j1gsljgk180ad-ninja-1.13.2.drv",
      "description": "Small build system with a focus on speed",
      "install_id": "ninja",
      "license": "Apache-2.0",
      "locked_url": "https://github.com/flox/nixpkgs?rev=4c1018dae018162ec878d42fec712642d214fdfa",
      "name": "ninja-1.13.2",
      "pname": "ninja",
      "rev": "4c1018dae018162ec878d42fec712642d214fdfa",
      "rev_count": 977467,
      "rev_date": "2026-04-09T04:48:10Z",
      "scrape_date": "2026-04-11T06:03:57.212941Z",
      "stabilities": [
        "unstable"
      ],
      "unfree": false,
      "version": "1.13.2",
      "outputs_to_install": [
        "out"
      ],
      "outputs": {
        "out": "/nix/store/rdrrgv5j22i2xxf3sbzhkgkigd3w5515-ninja-1.13.2"
      },
      "system": "aarch64-darwin",
      "group": "toplevel",
      "priority": 5
    },
    {
      "attr_path": "ninja",
      "broken": false,
      "derivation": "/nix/store/skh3kk7241sqv4gr8d5s9h3fmjz9chnn-ninja-1.13.2.drv",
      "description": "Small build system with a focus on speed",
      "install_id": "ninja",
      "license": "Apache-2.0",
      "locked_url": "https://github.com/flox/nixpkgs?rev=4c1018dae018162ec878d42fec712642d214fdfa",
      "name": "ninja-1.13.2",
      "pname": "ninja",
      "rev": "4c1018dae018162ec878d42fec712642d214fdfa",
      "rev_count": 977467,
      "rev_date": "2026-04-09T04:48:10Z",
      "scrape_date": "2026-04-11T06:35:35.817290Z",
      "stabilities": [
        "unstable"
      ],
      "unfree": false,
      "version": "1.13.2",
      "outputs_to_install": [
        "out",
        "out"
      ],
      "outputs": {
        "out": "/nix/store/wvmz01zs5j2xlz6872sc34zw0yyb05al-ninja-1.13.2"
      },
      "system": "aarch64-linux",
      "group": "toplevel",
      "priority": 5
    },
    {
      "attr_path": "ninja",
      "broken": false,
      "derivation": "/nix/store/ai24nv0a5451k2kag5ca3qn5f1np8vxi-ninja-1.13.2.drv",
      "description": "Small build system with a focus on speed",
      "install_id": "ninja",
      "license": "Apache-2.0",
      "locked_url": "https://github.com/flox/nixpkgs?rev=4c1018dae018162ec878d42fec712642d214fdfa",
      "name": "ninja-1.13.2",
      "pname": "ninja",
      "rev": "4c1018dae018162ec878d42fec712642d214fdfa",
      "rev_count": 977467,
      "rev_date": "2026-04-09T04:48:10Z",
      "scrape_date": "2026-04-11T07:05:31.926444Z",
      "stabilities": [
        "unstable"
      ],
      "unfree": false,
      "version": "1.13.2",
      "outputs_to_install": [
        "out"
      ],
      "outputs": {
        "out": "/nix/store/2qr9dfjc0ykkw5g6r3njx4mgyjaimw4w-ninja-1.13.2"
      },
      "system": "x86_64-darwin",
      "group": "toplevel",
      "priority": 5
    },
    {
      "attr_path": "ninja",
      "broken": false,
      "derivation": "/nix/store/hglz6nmad76xjgddrwfvdpjm6wjzx5v9-ninja-1.13.2.drv",
      "description": "Small build system with a focus on speed",
      "install_id": "ninja",
      "license": "Apache-2.0",
      "locked_url": "https://github.com/flox/nixpkgs?rev=4c1018dae018162ec878d42fec712642d214fdfa",
      "name": "ninja-1.13.2",
      "pname": "ninja",
      "rev": "4c1018dae018162ec878d42fec712642d214fdfa",
      "rev_count": 977467,
      "rev_date": "2026-04-09T04:48:10Z",
      "scrape_date": "2026-04-11T07:39:51.865726Z",
      "stabilities": [
        "unstable"
      ],
      "unfree": false,
      "version": "1.13.2",
      "outputs_to_install": [
        "out",
        "out"
      ],
      "outputs": {
        "out": "/nix/store/dfcn9xjmbsf8hlj2l2vfrl67d84ylczf-ninja-1.13.2"
      },
      "system": "x86_64-linux",
      "group": "toplevel",
      "priority": 5
    }
  ]
}
