{
  "lockfile-version": 1,
  "manifest": {
    "schema-version": "1.10.0",
    "install": {
      "cctools": {
        "pkg-path": "cctools",
        "priority": 6,
        "systems": [
          "x86_64-darwin",
          "aarch64-darwin"
        ]
      },
      "claude-code": {
        "pkg-path": "claude-code"
      },
      "gcc": {
        "pkg-path": "gcc"
      },
      "meson": {
        "pkg-path": "meson"
      },
      "ninja": {
        "pkg-path": "ninja"
      }
    },
    "hook": {},
    "profile": {},
    "options": {},
    "build": {
      "systemd-portable": {
        "command": "  # Configure (once, or reconfigure if already set up)\n  # meson setup build-darwin --prefix=$out\n  meson setup --reconfigure build-darwin --prefix=$out || true\n\n  # Build + install\n  ninja -C build-darwin install\n",
        "version": "v260-rc2-81",
        "description": "Portable adaptation of systemd for orchestrating services in user space"
      }
    }
  },
  "packages": [
    {
      "attr_path": "cctools",
      "broken": false,
      "derivation": "/nix/store/l4x9vf72mnv5k5picwm1szsi5hjjfyyi-cctools-1010.6.drv",
      "description": "Classic linker for Darwin",
      "install_id": "cctools",
      "license": "[ APSL-2.0, GPL-2.0 ]",
      "locked_url": "https://github.com/flox/nixpkgs?rev=80bdc1e5ce51f56b19791b52b2901187931f5353",
      "name": "cctools-1010.6",
      "pname": "cctools",
      "rev": "80bdc1e5ce51f56b19791b52b2901187931f5353",
      "rev_count": 958232,
      "rev_date": "2026-03-04T11:34:51Z",
      "scrape_date": "2026-03-06T04:40:03.584193Z",
      "stabilities": [
        "unstable",
        "staging"
      ],
      "unfree": false,
      "version": "1010.6",
      "outputs_to_install": [
        "man",
        "out",
        "out",
        "out",
        "out",
        "out",
        "out"
      ],
      "outputs": {
        "dev": "/nix/store/rp3q1wrnqks6h8ppmm7q8jin29jkcmdv-cctools-1010.6-dev",
        "gas": "/nix/store/mq0r6cbadn6rmh8wd2f788ib208396ai-cctools-1010.6-gas",
        "libtool": "/nix/store/sba8hcsfwkhf0wqrd2hwnd8rd5jp2fxv-cctools-1010.6-libtool",
        "man": "/nix/store/nqycaz6c97i6k9j83kkkn6in5lr444fq-cctools-1010.6-man",
        "out": "/nix/store/gfmlqi0fda0rnq46j0hbidicyp80kjmn-cctools-1010.6"
      },
      "system": "aarch64-darwin",
      "group": "toplevel",
      "priority": 6
    },
    {
      "attr_path": "cctools",
      "broken": false,
      "derivation": "/nix/store/ig60xah2xyahb8az4hm131rbmgai8swv-cctools-1010.6.drv",
      "description": "Classic linker for Darwin",
      "install_id": "cctools",
      "license": "[ APSL-2.0, GPL-2.0 ]",
      "locked_url": "https://github.com/flox/nixpkgs?rev=80bdc1e5ce51f56b19791b52b2901187931f5353",
      "name": "cctools-1010.6",
      "pname": "cctools",
      "rev": "80bdc1e5ce51f56b19791b52b2901187931f5353",
      "rev_count": 958232,
      "rev_date": "2026-03-04T11:34:51Z",
      "scrape_date": "2026-03-06T05:39:41.243908Z",
      "stabilities": [
        "unstable",
        "staging"
      ],
      "unfree": false,
      "version": "1010.6",
      "outputs_to_install": [
        "man",
        "out",
        "out"
      ],
      "outputs": {
        "dev": "/nix/store/9pb4gdsxvcpy0w3k1ffks9vj0i0r00di-cctools-1010.6-dev",
        "gas": "/nix/store/mml023609h3qj6v24gx144101n42w6fl-cctools-1010.6-gas",
        "libtool": "/nix/store/pdkxf647n2cci3s1cr61xf4fij8mnxdz-cctools-1010.6-libtool",
        "man": "/nix/store/mk6vl317bqn7fc55b1da9hp1aj61bmj4-cctools-1010.6-man",
        "out": "/nix/store/vjafmpcy0sl9dbmwjwwmlal6d5apnwb2-cctools-1010.6"
      },
      "system": "x86_64-darwin",
      "group": "toplevel",
      "priority": 6
    },
    {
      "attr_path": "claude-code",
      "broken": false,
      "derivation": "/nix/store/cnhpcvr7564gnlj9kj26fa0i7p28fmpb-claude-code-2.1.59.drv",
      "description": "Agentic coding tool that lives in your terminal, understands your codebase, and helps you code faster",
      "install_id": "claude-code",
      "license": "Unfree",
      "locked_url": "https://github.com/flox/nixpkgs?rev=80bdc1e5ce51f56b19791b52b2901187931f5353",
      "name": "claude-code-2.1.59",
      "pname": "claude-code",
      "rev": "80bdc1e5ce51f56b19791b52b2901187931f5353",
      "rev_count": 958232,
      "rev_date": "2026-03-04T11:34:51Z",
      "scrape_date": "2026-03-06T04:40:03.729528Z",
      "stabilities": [
        "unstable",
        "staging"
      ],
      "unfree": true,
      "version": "2.1.59",
      "outputs_to_install": [
        "out"
      ],
      "outputs": {
        "out": "/nix/store/m22wwnn4b3hlzgfq9c45ayinzljbc183-claude-code-2.1.59"
      },
      "system": "aarch64-darwin",
      "group": "toplevel",
      "priority": 5
    },
    {
      "attr_path": "claude-code",
      "broken": false,
      "derivation": "/nix/store/hf5m0ay3cmwy7fidsbkyml7jaaw0bwlp-claude-code-2.1.59.drv",
      "description": "Agentic coding tool that lives in your terminal, understands your codebase, and helps you code faster",
      "install_id": "claude-code",
      "license": "Unfree",
      "locked_url": "https://github.com/flox/nixpkgs?rev=80bdc1e5ce51f56b19791b52b2901187931f5353",
      "name": "claude-code-2.1.59",
      "pname": "claude-code",
      "rev": "80bdc1e5ce51f56b19791b52b2901187931f5353",
      "rev_count": 958232,
      "rev_date": "2026-03-04T11:34:51Z",
      "scrape_date": "2026-03-06T05:10:49.438227Z",
      "stabilities": [
        "unstable",
        "staging"
      ],
      "unfree": true,
      "version": "2.1.59",
      "outputs_to_install": [
        "out"
      ],
      "outputs": {
        "out": "/nix/store/xgv9664p3q8nmzlkkgsbzfljh4n8nz8j-claude-code-2.1.59"
      },
      "system": "aarch64-linux",
      "group": "toplevel",
      "priority": 5
    },
    {
      "attr_path": "claude-code",
      "broken": false,
      "derivation": "/nix/store/8f2763wmy0w0x4skr14qlc3cgrly2qgg-claude-code-2.1.59.drv",
      "description": "Agentic coding tool that lives in your terminal, understands your codebase, and helps you code faster",
      "install_id": "claude-code",
      "license": "Unfree",
      "locked_url": "https://github.com/flox/nixpkgs?rev=80bdc1e5ce51f56b19791b52b2901187931f5353",
      "name": "claude-code-2.1.59",
      "pname": "claude-code",
      "rev": "80bdc1e5ce51f56b19791b52b2901187931f5353",
      "rev_count": 958232,
      "rev_date": "2026-03-04T11:34:51Z",
      "scrape_date": "2026-03-06T05:39:41.387931Z",
      "stabilities": [
        "unstable",
        "staging"
      ],
      "unfree": true,
      "version": "2.1.59",
      "outputs_to_install": [
        "out"
      ],
      "outputs": {
        "out": "/nix/store/xyhc4ys8ng585dbvriximicqkbrg5yda-claude-code-2.1.59"
      },
      "system": "x86_64-darwin",
      "group": "toplevel",
      "priority": 5
    },
    {
      "attr_path": "claude-code",
      "broken": false,
      "derivation": "/nix/store/mx7blr6qz0rizq5z436pphddyiy2mq6z-claude-code-2.1.59.drv",
      "description": "Agentic coding tool that lives in your terminal, understands your codebase, and helps you code faster",
      "install_id": "claude-code",
      "license": "Unfree",
      "locked_url": "https://github.com/flox/nixpkgs?rev=80bdc1e5ce51f56b19791b52b2901187931f5353",
      "name": "claude-code-2.1.59",
      "pname": "claude-code",
      "rev": "80bdc1e5ce51f56b19791b52b2901187931f5353",
      "rev_count": 958232,
      "rev_date": "2026-03-04T11:34:51Z",
      "scrape_date": "2026-03-06T06:13:30.098309Z",
      "stabilities": [
        "unstable",
        "staging"
      ],
      "unfree": true,
      "version": "2.1.59",
      "outputs_to_install": [
        "out"
      ],
      "outputs": {
        "out": "/nix/store/c0szkvghm2knwa6i1lgvbxjl8mlg34x5-claude-code-2.1.59"
      },
      "system": "x86_64-linux",
      "group": "toplevel",
      "priority": 5
    },
    {
      "attr_path": "gcc",
      "broken": false,
      "derivation": "/nix/store/5dclnins9jkvhxffsw72i9b1dgxp1768-gcc-wrapper-15.2.0.drv",
      "description": "GNU Compiler Collection, version 15.2.0 (wrapper script)",
      "install_id": "gcc",
      "license": "GPL-3.0-or-later",
      "locked_url": "https://github.com/flox/nixpkgs?rev=80bdc1e5ce51f56b19791b52b2901187931f5353",
      "name": "gcc-wrapper-15.2.0",
      "pname": "gcc",
      "rev": "80bdc1e5ce51f56b19791b52b2901187931f5353",
      "rev_count": 958232,
      "rev_date": "2026-03-04T11:34:51Z",
      "scrape_date": "2026-03-06T04:40:04.586184Z",
      "stabilities": [
        "unstable",
        "staging"
      ],
      "unfree": false,
      "version": "15.2.0",
      "outputs_to_install": [
        "man",
        "out"
      ],
      "outputs": {
        "info": "/nix/store/2lckjqhqbpzv4m6qycsyirzvcgkqwi62-gcc-wrapper-15.2.0-info",
        "man": "/nix/store/x3jrq5zaj6f8m2zk96m2r9bk61dcgw7l-gcc-wrapper-15.2.0-man",
        "out": "/nix/store/ljjhqql9gdv64pwn08cmmkzjpkwkkgmc-gcc-wrapper-15.2.0"
      },
      "system": "aarch64-darwin",
      "group": "toplevel",
      "priority": 5
    },
    {
      "attr_path": "gcc",
      "broken": false,
      "derivation": "/nix/store/rwb9v0myg18sx7fn003h1ymla7fd4yay-gcc-wrapper-15.2.0.drv",
      "description": "GNU Compiler Collection, version 15.2.0 (wrapper script)",
      "install_id": "gcc",
      "license": "GPL-3.0-or-later",
      "locked_url": "https://github.com/flox/nixpkgs?rev=80bdc1e5ce51f56b19791b52b2901187931f5353",
      "name": "gcc-wrapper-15.2.0",
      "pname": "gcc",
      "rev": "80bdc1e5ce51f56b19791b52b2901187931f5353",
      "rev_count": 958232,
      "rev_date": "2026-03-04T11:34:51Z",
      "scrape_date": "2026-03-06T05:10:50.584173Z",
      "stabilities": [
        "unstable",
        "staging"
      ],
      "unfree": false,
      "version": "15.2.0",
      "outputs_to_install": [
        "man",
        "out",
        "out",
        "out"
      ],
      "outputs": {
        "info": "/nix/store/0ps642kc7j7wg0bz3hb978plg16xfi7n-gcc-wrapper-15.2.0-info",
        "man": "/nix/store/y50lsbpbiy4wg5ccbbb68rabs2n3m69b-gcc-wrapper-15.2.0-man",
        "out": "/nix/store/6hazq450ci6m382yq4ym8a6mbiv9mfsk-gcc-wrapper-15.2.0"
      },
      "system": "aarch64-linux",
      "group": "toplevel",
      "priority": 5
    },
    {
      "attr_path": "gcc",
      "broken": false,
      "derivation": "/nix/store/fczb95p9z7060rnyn6lvnlcawqhb9xx9-gcc-wrapper-15.2.0.drv",
      "description": "GNU Compiler Collection, version 15.2.0 (wrapper script)",
      "install_id": "gcc",
      "license": "GPL-3.0-or-later",
      "locked_url": "https://github.com/flox/nixpkgs?rev=80bdc1e5ce51f56b19791b52b2901187931f5353",
      "name": "gcc-wrapper-15.2.0",
      "pname": "gcc",
      "rev": "80bdc1e5ce51f56b19791b52b2901187931f5353",
      "rev_count": 958232,
      "rev_date": "2026-03-04T11:34:51Z",
      "scrape_date": "2026-03-06T05:39:42.131162Z",
      "stabilities": [
        "unstable",
        "staging"
      ],
      "unfree": false,
      "version": "15.2.0",
      "outputs_to_install": [
        "man",
        "out"
      ],
      "outputs": {
        "info": "/nix/store/a0c8viyq35k1lzx4w1g76kcxsjra5d9h-gcc-wrapper-15.2.0-info",
        "man": "/nix/store/gln5ld8gg6xfaczzyi84r586pwax8qz5-gcc-wrapper-15.2.0-man",
        "out": "/nix/store/adhxk22r0v0jsm26z0hfrzznwix7l491-gcc-wrapper-15.2.0"
      },
      "system": "x86_64-darwin",
      "group": "toplevel",
      "priority": 5
    },
    {
      "attr_path": "gcc",
      "broken": false,
      "derivation": "/nix/store/l8kjykqqnkh48cxjhz1p9wh53mb65dpf-gcc-wrapper-15.2.0.drv",
      "description": "GNU Compiler Collection, version 15.2.0 (wrapper script)",
      "install_id": "gcc",
      "license": "GPL-3.0-or-later",
      "locked_url": "https://github.com/flox/nixpkgs?rev=80bdc1e5ce51f56b19791b52b2901187931f5353",
      "name": "gcc-wrapper-15.2.0",
      "pname": "gcc",
      "rev": "80bdc1e5ce51f56b19791b52b2901187931f5353",
      "rev_count": 958232,
      "rev_date": "2026-03-04T11:34:51Z",
      "scrape_date": "2026-03-06T06:13:31.471950Z",
      "stabilities": [
        "unstable",
        "staging"
      ],
      "unfree": false,
      "version": "15.2.0",
      "outputs_to_install": [
        "man",
        "out",
        "out",
        "out"
      ],
      "outputs": {
        "info": "/nix/store/mj78x8b2vp0q9j6xf7bmvinn3m2csfhp-gcc-wrapper-15.2.0-info",
        "man": "/nix/store/crcj0frpw4i8shmfwgyfx9fsqklf2iq5-gcc-wrapper-15.2.0-man",
        "out": "/nix/store/kbw2j1vag664b3sj3rjwz9v53cqx87sb-gcc-wrapper-15.2.0"
      },
      "system": "x86_64-linux",
      "group": "toplevel",
      "priority": 5
    },
    {
      "attr_path": "meson",
      "broken": false,
      "derivation": "/nix/store/33yv121cv5isl3cfwnmbpg83dylllcgx-meson-1.10.1.drv",
      "description": "Open source, fast and friendly build system made in Python",
      "install_id": "meson",
      "license": "Apache-2.0",
      "locked_url": "https://github.com/flox/nixpkgs?rev=80bdc1e5ce51f56b19791b52b2901187931f5353",
      "name": "meson-1.10.1",
      "pname": "meson",
      "rev": "80bdc1e5ce51f56b19791b52b2901187931f5353",
      "rev_count": 958232,
      "rev_date": "2026-03-04T11:34:51Z",
      "scrape_date": "2026-03-06T04:40:25.033657Z",
      "stabilities": [
        "unstable",
        "staging"
      ],
      "unfree": false,
      "version": "1.10.1",
      "outputs_to_install": [
        "out"
      ],
      "outputs": {
        "dist": "/nix/store/cx5b8qv8n5ab5c8j9fwb5rlkrqshs2zx-meson-1.10.1-dist",
        "out": "/nix/store/9c2gjc63ma9krwnxnj9pbb6ag3pyxbfg-meson-1.10.1"
      },
      "system": "aarch64-darwin",
      "group": "toplevel",
      "priority": 5
    },
    {
      "attr_path": "meson",
      "broken": false,
      "derivation": "/nix/store/v7yfa83dr5fdqgxardbgcmhn7wpqhbj7-meson-1.10.1.drv",
      "description": "Open source, fast and friendly build system made in Python",
      "install_id": "meson",
      "license": "Apache-2.0",
      "locked_url": "https://github.com/flox/nixpkgs?rev=80bdc1e5ce51f56b19791b52b2901187931f5353",
      "name": "meson-1.10.1",
      "pname": "meson",
      "rev": "80bdc1e5ce51f56b19791b52b2901187931f5353",
      "rev_count": 958232,
      "rev_date": "2026-03-04T11:34:51Z",
      "scrape_date": "2026-03-06T05:11:23.658655Z",
      "stabilities": [
        "unstable",
        "staging"
      ],
      "unfree": false,
      "version": "1.10.1",
      "outputs_to_install": [
        "out"
      ],
      "outputs": {
        "dist": "/nix/store/m88xn9i304shi8af21kv1rn1n3rafj10-meson-1.10.1-dist",
        "out": "/nix/store/93hgc2zylhnh71id1mzi0k2plj52pr3r-meson-1.10.1"
      },
      "system": "aarch64-linux",
      "group": "toplevel",
      "priority": 5
    },
    {
      "attr_path": "meson",
      "broken": false,
      "derivation": "/nix/store/9x8hkmciw6b343kvp8adg42hjvs8kq2q-meson-1.10.1.drv",
      "description": "Open source, fast and friendly build system made in Python",
      "install_id": "meson",
      "license": "Apache-2.0",
      "locked_url": "https://github.com/flox/nixpkgs?rev=80bdc1e5ce51f56b19791b52b2901187931f5353",
      "name": "meson-1.10.1",
      "pname": "meson",
      "rev": "80bdc1e5ce51f56b19791b52b2901187931f5353",
      "rev_count": 958232,
      "rev_date": "2026-03-04T11:34:51Z",
      "scrape_date": "2026-03-06T05:40:02.685361Z",
      "stabilities": [
        "unstable",
        "staging"
      ],
      "unfree": false,
      "version": "1.10.1",
      "outputs_to_install": [
        "out"
      ],
      "outputs": {
        "dist": "/nix/store/4kr4l0r3vjbnqldql8ghdvb60hzl4p3m-meson-1.10.1-dist",
        "out": "/nix/store/sz17kvkzmzkd4cxnzm09pdqh7h8h05br-meson-1.10.1"
      },
      "system": "x86_64-darwin",
      "group": "toplevel",
      "priority": 5
    },
    {
      "attr_path": "meson",
      "broken": false,
      "derivation": "/nix/store/7sifhzqjhi25j4g98qj9k6r9vglwddwx-meson-1.10.1.drv",
      "description": "Open source, fast and friendly build system made in Python",
      "install_id": "meson",
      "license": "Apache-2.0",
      "locked_url": "https://github.com/flox/nixpkgs?rev=80bdc1e5ce51f56b19791b52b2901187931f5353",
      "name": "meson-1.10.1",
      "pname": "meson",
      "rev": "80bdc1e5ce51f56b19791b52b2901187931f5353",
      "rev_count": 958232,
      "rev_date": "2026-03-04T11:34:51Z",
      "scrape_date": "2026-03-06T06:14:06.398902Z",
      "stabilities": [
        "unstable",
        "staging"
      ],
      "unfree": false,
      "version": "1.10.1",
      "outputs_to_install": [
        "out"
      ],
      "outputs": {
        "dist": "/nix/store/yfvsd4xr0gddnhlc600n3yz6gq81k0zc-meson-1.10.1-dist",
        "out": "/nix/store/qds74v6m6fky8cpwrgd7jwfy3clga3i9-meson-1.10.1"
      },
      "system": "x86_64-linux",
      "group": "toplevel",
      "priority": 5
    },
    {
      "attr_path": "ninja",
      "broken": false,
      "derivation": "/nix/store/vf3s75h1hh068qf4i6zng5v944hkr2p1-ninja-1.13.2.drv",
      "description": "Small build system with a focus on speed",
      "install_id": "ninja",
      "license": "Apache-2.0",
      "locked_url": "https://github.com/flox/nixpkgs?rev=80bdc1e5ce51f56b19791b52b2901187931f5353",
      "name": "ninja-1.13.2",
      "pname": "ninja",
      "rev": "80bdc1e5ce51f56b19791b52b2901187931f5353",
      "rev_count": 958232,
      "rev_date": "2026-03-04T11:34:51Z",
      "scrape_date": "2026-03-06T04:40:26.428661Z",
      "stabilities": [
        "unstable",
        "staging"
      ],
      "unfree": false,
      "version": "1.13.2",
      "outputs_to_install": [
        "out",
        "out"
      ],
      "outputs": {
        "out": "/nix/store/3cv0qck5af0b27sd6f18brhdmhgq0y0g-ninja-1.13.2"
      },
      "system": "aarch64-darwin",
      "group": "toplevel",
      "priority": 5
    },
    {
      "attr_path": "ninja",
      "broken": false,
      "derivation": "/nix/store/jlxbdims52bavqzk33mq0xa115w45vb0-ninja-1.13.2.drv",
      "description": "Small build system with a focus on speed",
      "install_id": "ninja",
      "license": "Apache-2.0",
      "locked_url": "https://github.com/flox/nixpkgs?rev=80bdc1e5ce51f56b19791b52b2901187931f5353",
      "name": "ninja-1.13.2",
      "pname": "ninja",
      "rev": "80bdc1e5ce51f56b19791b52b2901187931f5353",
      "rev_count": 958232,
      "rev_date": "2026-03-04T11:34:51Z",
      "scrape_date": "2026-03-06T05:11:26.078581Z",
      "stabilities": [
        "unstable",
        "staging"
      ],
      "unfree": false,
      "version": "1.13.2",
      "outputs_to_install": [
        "out",
        "out",
        "out"
      ],
      "outputs": {
        "out": "/nix/store/vpxbw0zilrdajw7sg5izkwkqv9qbchzg-ninja-1.13.2"
      },
      "system": "aarch64-linux",
      "group": "toplevel",
      "priority": 5
    },
    {
      "attr_path": "ninja",
      "broken": false,
      "derivation": "/nix/store/5k3cqgcqxywazrw190clapxjfjndczll-ninja-1.13.2.drv",
      "description": "Small build system with a focus on speed",
      "install_id": "ninja",
      "license": "Apache-2.0",
      "locked_url": "https://github.com/flox/nixpkgs?rev=80bdc1e5ce51f56b19791b52b2901187931f5353",
      "name": "ninja-1.13.2",
      "pname": "ninja",
      "rev": "80bdc1e5ce51f56b19791b52b2901187931f5353",
      "rev_count": 958232,
      "rev_date": "2026-03-04T11:34:51Z",
      "scrape_date": "2026-03-06T05:40:04.110625Z",
      "stabilities": [
        "unstable",
        "staging"
      ],
      "unfree": false,
      "version": "1.13.2",
      "outputs_to_install": [
        "out",
        "out"
      ],
      "outputs": {
        "out": "/nix/store/37jsw6q65pg1nz480rfw532j0bbh5a70-ninja-1.13.2"
      },
      "system": "x86_64-darwin",
      "group": "toplevel",
      "priority": 5
    },
    {
      "attr_path": "ninja",
      "broken": false,
      "derivation": "/nix/store/cqdf6y4rkp4k25xcq81d4wm37sxkinj7-ninja-1.13.2.drv",
      "description": "Small build system with a focus on speed",
      "install_id": "ninja",
      "license": "Apache-2.0",
      "locked_url": "https://github.com/flox/nixpkgs?rev=80bdc1e5ce51f56b19791b52b2901187931f5353",
      "name": "ninja-1.13.2",
      "pname": "ninja",
      "rev": "80bdc1e5ce51f56b19791b52b2901187931f5353",
      "rev_count": 958232,
      "rev_date": "2026-03-04T11:34:51Z",
      "scrape_date": "2026-03-06T06:14:09.084881Z",
      "stabilities": [
        "unstable",
        "staging"
      ],
      "unfree": false,
      "version": "1.13.2",
      "outputs_to_install": [
        "out",
        "out",
        "out"
      ],
      "outputs": {
        "out": "/nix/store/4siii6hvzs9ymbq37k04vcpx6xnybz21-ninja-1.13.2"
      },
      "system": "x86_64-linux",
      "group": "toplevel",
      "priority": 5
    }
  ]
}
