{
  "lockfile-version": 1,
  "manifest": {
    "version": 1,
    "install": {
      "claude-code": {
        "pkg-path": "claude-code"
      }
    },
    "hook": {},
    "profile": {},
    "options": {}
  },
  "packages": [
    {
      "attr_path": "claude-code",
      "broken": false,
      "derivation": "/nix/store/cnhpcvr7564gnlj9kj26fa0i7p28fmpb-claude-code-2.1.59.drv",
      "description": "Agentic coding tool that lives in your terminal, understands your codebase, and helps you code faster",
      "install_id": "claude-code",
      "license": "Unfree",
      "locked_url": "https://github.com/flox/nixpkgs?rev=80bdc1e5ce51f56b19791b52b2901187931f5353",
      "name": "claude-code-2.1.59",
      "pname": "claude-code",
      "rev": "80bdc1e5ce51f56b19791b52b2901187931f5353",
      "rev_count": 958232,
      "rev_date": "2026-03-04T11:34:51Z",
      "scrape_date": "2026-03-06T04:40:03.729528Z",
      "stabilities": [
        "unstable"
      ],
      "unfree": true,
      "version": "2.1.59",
      "outputs_to_install": [
        "out"
      ],
      "outputs": {
        "out": "/nix/store/m22wwnn4b3hlzgfq9c45ayinzljbc183-claude-code-2.1.59"
      },
      "system": "aarch64-darwin",
      "group": "toplevel",
      "priority": 5
    },
    {
      "attr_path": "claude-code",
      "broken": false,
      "derivation": "/nix/store/hf5m0ay3cmwy7fidsbkyml7jaaw0bwlp-claude-code-2.1.59.drv",
      "description": "Agentic coding tool that lives in your terminal, understands your codebase, and helps you code faster",
      "install_id": "claude-code",
      "license": "Unfree",
      "locked_url": "https://github.com/flox/nixpkgs?rev=80bdc1e5ce51f56b19791b52b2901187931f5353",
      "name": "claude-code-2.1.59",
      "pname": "claude-code",
      "rev": "80bdc1e5ce51f56b19791b52b2901187931f5353",
      "rev_count": 958232,
      "rev_date": "2026-03-04T11:34:51Z",
      "scrape_date": "2026-03-06T05:10:49.438227Z",
      "stabilities": [
        "unstable"
      ],
      "unfree": true,
      "version": "2.1.59",
      "outputs_to_install": [
        "out"
      ],
      "outputs": {
        "out": "/nix/store/xgv9664p3q8nmzlkkgsbzfljh4n8nz8j-claude-code-2.1.59"
      },
      "system": "aarch64-linux",
      "group": "toplevel",
      "priority": 5
    },
    {
      "attr_path": "claude-code",
      "broken": false,
      "derivation": "/nix/store/8f2763wmy0w0x4skr14qlc3cgrly2qgg-claude-code-2.1.59.drv",
      "description": "Agentic coding tool that lives in your terminal, understands your codebase, and helps you code faster",
      "install_id": "claude-code",
      "license": "Unfree",
      "locked_url": "https://github.com/flox/nixpkgs?rev=80bdc1e5ce51f56b19791b52b2901187931f5353",
      "name": "claude-code-2.1.59",
      "pname": "claude-code",
      "rev": "80bdc1e5ce51f56b19791b52b2901187931f5353",
      "rev_count": 958232,
      "rev_date": "2026-03-04T11:34:51Z",
      "scrape_date": "2026-03-06T05:39:41.387931Z",
      "stabilities": [
        "unstable"
      ],
      "unfree": true,
      "version": "2.1.59",
      "outputs_to_install": [
        "out"
      ],
      "outputs": {
        "out": "/nix/store/xyhc4ys8ng585dbvriximicqkbrg5yda-claude-code-2.1.59"
      },
      "system": "x86_64-darwin",
      "group": "toplevel",
      "priority": 5
    },
    {
      "attr_path": "claude-code",
      "broken": false,
      "derivation": "/nix/store/mx7blr6qz0rizq5z436pphddyiy2mq6z-claude-code-2.1.59.drv",
      "description": "Agentic coding tool that lives in your terminal, understands your codebase, and helps you code faster",
      "install_id": "claude-code",
      "license": "Unfree",
      "locked_url": "https://github.com/flox/nixpkgs?rev=80bdc1e5ce51f56b19791b52b2901187931f5353",
      "name": "claude-code-2.1.59",
      "pname": "claude-code",
      "rev": "80bdc1e5ce51f56b19791b52b2901187931f5353",
      "rev_count": 958232,
      "rev_date": "2026-03-04T11:34:51Z",
      "scrape_date": "2026-03-06T06:13:30.098309Z",
      "stabilities": [
        "unstable"
      ],
      "unfree": true,
      "version": "2.1.59",
      "outputs_to_install": [
        "out"
      ],
      "outputs": {
        "out": "/nix/store/c0szkvghm2knwa6i1lgvbxjl8mlg34x5-claude-code-2.1.59"
      },
      "system": "x86_64-linux",
      "group": "toplevel",
      "priority": 5
    }
  ]
}
